
Microsoft Visual Studio Solution File, Format Version 12.00
# Visual Studio Version 17
VisualStudioVersion = 17.11.34909.67
MinimumVisualStudioVersion = 10.0.40219.1
Project("{FAE04EC0-301F-11D3-BF4B-00C04F79EFBC}") = "Crud", "Crud.csproj", "{87E25925-4424-43C4-8F08-C90A62704EC4}"
EndProject
Global
	GlobalSection(SolutionConfigurationPlatforms) = preSolution
		Debug|Any CPU = Debug|Any CPU
		Release|Any CPU = Release|Any CPU
	EndGlobalSection
	GlobalSection(ProjectConfigurationPlatforms) = postSolution
		{87E25925-4424-43C4-8F08-C90A62704EC4}.Debug|Any CPU.ActiveCfg = Debug|Any CPU
		{87E25925-4424-43C4-8F08-C90A62704EC4}.Debug|Any CPU.Build.0 = Debug|Any CPU
		{87E25925-4424-43C4-8F08-C90A62704EC4}.Release|Any CPU.ActiveCfg = Release|Any CPU
		{87E25925-4424-43C4-8F08-C90A62704EC4}.Release|Any CPU.Build.0 = Release|Any CPU
	EndGlobalSection
	GlobalSection(SolutionProperties) = preSolution
		HideSolutionNode = FALSE
	EndGlobalSection
	GlobalSection(ExtensibilityGlobals) = postSolution
		SolutionGuid = {1F5BD430-6F79-4C55-A050-17437B78D061}
	EndGlobalSection
EndGlobal
